
Microsoft Visual Studio Solution File, Format Version 12.00
# Visual Studio Version 17
VisualStudioVersion = 17.0.32112.339
MinimumVisualStudioVersion = 10.0.40219.1
Project("{2150E333-8FDC-42A3-9474-1A3956D46DE8}") = "src", "src", "{EA015054-01CE-4739-97DE-ACBB1EFD3868}"
EndProject
Project("{FAE04EC0-301F-11D3-BF4B-00C04F79EFBC}") = "AkroGame.ECS.Analyzer", "src\AkroGame.ECS.Analyzer\AkroGame.ECS.Analyzer.csproj", "{7F5A7C2E-0ABA-4ED6-A73A-85B0AED32778}"
EndProject
Project("{FAE04EC0-301F-11D3-BF4B-00C04F79EFBC}") = "AkroGame.ECS.Websocket", "src\AkroGame.ECS.Websocket\AkroGame.ECS.Websocket.csproj", "{4BD65BFD-5AFA-478D-BBAD-B677121FD762}"
EndProject
Global
	GlobalSection(SolutionConfigurationPlatforms) = preSolution
		Debug|Any CPU = Debug|Any CPU
		Release|Any CPU = Release|Any CPU
	EndGlobalSection
	GlobalSection(SolutionProperties) = preSolution
		HideSolutionNode = FALSE
	EndGlobalSection
	GlobalSection(ProjectConfigurationPlatforms) = postSolution
		{7F5A7C2E-0ABA-4ED6-A73A-85B0AED32778}.Debug|Any CPU.ActiveCfg = Debug|Any CPU
		{7F5A7C2E-0ABA-4ED6-A73A-85B0AED32778}.Debug|Any CPU.Build.0 = Debug|Any CPU
		{7F5A7C2E-0ABA-4ED6-A73A-85B0AED32778}.Release|Any CPU.ActiveCfg = Release|Any CPU
		{7F5A7C2E-0ABA-4ED6-A73A-85B0AED32778}.Release|Any CPU.Build.0 = Release|Any CPU
		{4BD65BFD-5AFA-478D-BBAD-B677121FD762}.Debug|Any CPU.ActiveCfg = Debug|Any CPU
		{4BD65BFD-5AFA-478D-BBAD-B677121FD762}.Debug|Any CPU.Build.0 = Debug|Any CPU
		{4BD65BFD-5AFA-478D-BBAD-B677121FD762}.Release|Any CPU.ActiveCfg = Release|Any CPU
		{4BD65BFD-5AFA-478D-BBAD-B677121FD762}.Release|Any CPU.Build.0 = Release|Any CPU
	EndGlobalSection
	GlobalSection(NestedProjects) = preSolution
		{7F5A7C2E-0ABA-4ED6-A73A-85B0AED32778} = {EA015054-01CE-4739-97DE-ACBB1EFD3868}
		{4BD65BFD-5AFA-478D-BBAD-B677121FD762} = {EA015054-01CE-4739-97DE-ACBB1EFD3868}
	EndGlobalSection
EndGlobal
